
Microsoft Visual Studio Solution File, Format Version 12.00
# Visual Studio Version 16
VisualStudioVersion = 16.0.31025.194
MinimumVisualStudioVersion = 10.0.40219.1
Project("{9A19103F-16F7-4668-BE54-9A1E7A4F7556}") = "Circustrein", "Circustrein.csproj", "{881D73C5-AD40-4272-BC29-4227921D6A6C}"
EndProject
Project("{FAE04EC0-301F-11D3-BF4B-00C04F79EFBC}") = "Circustrein.Unittests", "..\Circustrein.Unittests\Circustrein.Unittests.csproj", "{06329203-66BB-44C8-9742-C2215BD35D57}"
EndProject
Global
	GlobalSection(SolutionConfigurationPlatforms) = preSolution
		Debug|Any CPU = Debug|Any CPU
		Release|Any CPU = Release|Any CPU
	EndGlobalSection
	GlobalSection(ProjectConfigurationPlatforms) = postSolution
		{881D73C5-AD40-4272-BC29-4227921D6A6C}.Debug|Any CPU.ActiveCfg = Debug|Any CPU
		{881D73C5-AD40-4272-BC29-4227921D6A6C}.Debug|Any CPU.Build.0 = Debug|Any CPU
		{881D73C5-AD40-4272-BC29-4227921D6A6C}.Release|Any CPU.ActiveCfg = Release|Any CPU
		{881D73C5-AD40-4272-BC29-4227921D6A6C}.Release|Any CPU.Build.0 = Release|Any CPU
		{06329203-66BB-44C8-9742-C2215BD35D57}.Debug|Any CPU.ActiveCfg = Debug|Any CPU
		{06329203-66BB-44C8-9742-C2215BD35D57}.Debug|Any CPU.Build.0 = Debug|Any CPU
		{06329203-66BB-44C8-9742-C2215BD35D57}.Release|Any CPU.ActiveCfg = Release|Any CPU
		{06329203-66BB-44C8-9742-C2215BD35D57}.Release|Any CPU.Build.0 = Release|Any CPU
	EndGlobalSection
	GlobalSection(SolutionProperties) = preSolution
		HideSolutionNode = FALSE
	EndGlobalSection
	GlobalSection(ExtensibilityGlobals) = postSolution
		SolutionGuid = {51AD708A-AC35-4870-96DA-5C406E447857}
	EndGlobalSection
EndGlobal
